
Microsoft Visual Studio Solution File, Format Version 12.00
# Visual Studio Version 17
VisualStudioVersion = 17.5.33502.453
MinimumVisualStudioVersion = 10.0.40219.1
Project("{FAE04EC0-301F-11D3-BF4B-00C04F79EFBC}") = "50-Coleção_LinkedList", "50-Coleção_LinkedList\50-Coleção_LinkedList.csproj", "{C727DA2D-ED58-40AF-9E33-1483D5F77A5B}"
EndProject
Global
	GlobalSection(SolutionConfigurationPlatforms) = preSolution
		Debug|Any CPU = Debug|Any CPU
		Release|Any CPU = Release|Any CPU
	EndGlobalSection
	GlobalSection(ProjectConfigurationPlatforms) = postSolution
		{C727DA2D-ED58-40AF-9E33-1483D5F77A5B}.Debug|Any CPU.ActiveCfg = Debug|Any CPU
		{C727DA2D-ED58-40AF-9E33-1483D5F77A5B}.Debug|Any CPU.Build.0 = Debug|Any CPU
		{C727DA2D-ED58-40AF-9E33-1483D5F77A5B}.Release|Any CPU.ActiveCfg = Release|Any CPU
		{C727DA2D-ED58-40AF-9E33-1483D5F77A5B}.Release|Any CPU.Build.0 = Release|Any CPU
	EndGlobalSection
	GlobalSection(SolutionProperties) = preSolution
		HideSolutionNode = FALSE
	EndGlobalSection
	GlobalSection(ExtensibilityGlobals) = postSolution
		SolutionGuid = {2FAC42B6-E8A6-4D50-9DB6-518387B29159}
	EndGlobalSection
EndGlobal
