
Microsoft Visual Studio Solution File, Format Version 12.00
# Visual Studio Version 17
VisualStudioVersion = 17.5.33502.453
MinimumVisualStudioVersion = 10.0.40219.1
Project("{FAE04EC0-301F-11D3-BF4B-00C04F79EFBC}") = "44-Delegates", "44-Delegates\44-Delegates.csproj", "{A53FB70C-3F61-4CC5-AEC8-7EC7A67344AA}"
EndProject
Global
	GlobalSection(SolutionConfigurationPlatforms) = preSolution
		Debug|Any CPU = Debug|Any CPU
		Release|Any CPU = Release|Any CPU
	EndGlobalSection
	GlobalSection(ProjectConfigurationPlatforms) = postSolution
		{A53FB70C-3F61-4CC5-AEC8-7EC7A67344AA}.Debug|Any CPU.ActiveCfg = Debug|Any CPU
		{A53FB70C-3F61-4CC5-AEC8-7EC7A67344AA}.Debug|Any CPU.Build.0 = Debug|Any CPU
		{A53FB70C-3F61-4CC5-AEC8-7EC7A67344AA}.Release|Any CPU.ActiveCfg = Release|Any CPU
		{A53FB70C-3F61-4CC5-AEC8-7EC7A67344AA}.Release|Any CPU.Build.0 = Release|Any CPU
	EndGlobalSection
	GlobalSection(SolutionProperties) = preSolution
		HideSolutionNode = FALSE
	EndGlobalSection
	GlobalSection(ExtensibilityGlobals) = postSolution
		SolutionGuid = {E67BAA60-602D-4225-8562-01C3DDECD5C3}
	EndGlobalSection
EndGlobal
