
Microsoft Visual Studio Solution File, Format Version 12.00
# Visual Studio Version 17
VisualStudioVersion = 17.5.33502.453
MinimumVisualStudioVersion = 10.0.40219.1
Project("{FAE04EC0-301F-11D3-BF4B-00C04F79EFBC}") = "57_Projeto_Academia", "57_Projeto_Academia.csproj", "{647C8EB3-FED8-435A-9116-F2E47A8FD089}"
EndProject
Project("{54435603-DBB4-11D2-8724-00A0C9A8B90C}") = "Projeto Academia", "instalador\Projeto Academia\Projeto Academia.vdproj", "{1675D830-821C-409C-8AB9-07F2725D256B}"
EndProject
Global
	GlobalSection(SolutionConfigurationPlatforms) = preSolution
		Debug|Any CPU = Debug|Any CPU
		Release|Any CPU = Release|Any CPU
	EndGlobalSection
	GlobalSection(ProjectConfigurationPlatforms) = postSolution
		{647C8EB3-FED8-435A-9116-F2E47A8FD089}.Debug|Any CPU.ActiveCfg = Debug|Any CPU
		{647C8EB3-FED8-435A-9116-F2E47A8FD089}.Debug|Any CPU.Build.0 = Debug|Any CPU
		{647C8EB3-FED8-435A-9116-F2E47A8FD089}.Release|Any CPU.ActiveCfg = Release|Any CPU
		{647C8EB3-FED8-435A-9116-F2E47A8FD089}.Release|Any CPU.Build.0 = Release|Any CPU
		{1675D830-821C-409C-8AB9-07F2725D256B}.Debug|Any CPU.ActiveCfg = Debug
		{1675D830-821C-409C-8AB9-07F2725D256B}.Release|Any CPU.ActiveCfg = Release
	EndGlobalSection
	GlobalSection(SolutionProperties) = preSolution
		HideSolutionNode = FALSE
	EndGlobalSection
	GlobalSection(ExtensibilityGlobals) = postSolution
		SolutionGuid = {690FDB09-2DA6-47A3-8F55-91EC3660BD6C}
	EndGlobalSection
EndGlobal
