
Microsoft Visual Studio Solution File, Format Version 12.00
# Visual Studio Version 17
VisualStudioVersion = 17.5.33502.453
MinimumVisualStudioVersion = 10.0.40219.1
Project("{FAE04EC0-301F-11D3-BF4B-00C04F79EFBC}") = "41-Sobrecarga-de-metodos", "41-Sobrecarga-de-metodos\41-Sobrecarga-de-metodos.csproj", "{6E02F658-DA47-452C-9907-D083D7808C15}"
EndProject
Global
	GlobalSection(SolutionConfigurationPlatforms) = preSolution
		Debug|Any CPU = Debug|Any CPU
		Release|Any CPU = Release|Any CPU
	EndGlobalSection
	GlobalSection(ProjectConfigurationPlatforms) = postSolution
		{6E02F658-DA47-452C-9907-D083D7808C15}.Debug|Any CPU.ActiveCfg = Debug|Any CPU
		{6E02F658-DA47-452C-9907-D083D7808C15}.Debug|Any CPU.Build.0 = Debug|Any CPU
		{6E02F658-DA47-452C-9907-D083D7808C15}.Release|Any CPU.ActiveCfg = Release|Any CPU
		{6E02F658-DA47-452C-9907-D083D7808C15}.Release|Any CPU.Build.0 = Release|Any CPU
	EndGlobalSection
	GlobalSection(SolutionProperties) = preSolution
		HideSolutionNode = FALSE
	EndGlobalSection
	GlobalSection(ExtensibilityGlobals) = postSolution
		SolutionGuid = {42F43046-9BAE-4202-B6BF-2EE031005424}
	EndGlobalSection
EndGlobal
