
Microsoft Visual Studio Solution File, Format Version 12.00
# Visual Studio Version 17
VisualStudioVersion = 17.5.33502.453
MinimumVisualStudioVersion = 10.0.40219.1
Project("{FAE04EC0-301F-11D3-BF4B-00C04F79EFBC}") = "38-Struct", "38-Struct\38-Struct.csproj", "{C895FD78-8C01-40A3-9C5C-FFB0DFB00222}"
EndProject
Global
	GlobalSection(SolutionConfigurationPlatforms) = preSolution
		Debug|Any CPU = Debug|Any CPU
		Release|Any CPU = Release|Any CPU
	EndGlobalSection
	GlobalSection(ProjectConfigurationPlatforms) = postSolution
		{C895FD78-8C01-40A3-9C5C-FFB0DFB00222}.Debug|Any CPU.ActiveCfg = Debug|Any CPU
		{C895FD78-8C01-40A3-9C5C-FFB0DFB00222}.Debug|Any CPU.Build.0 = Debug|Any CPU
		{C895FD78-8C01-40A3-9C5C-FFB0DFB00222}.Release|Any CPU.ActiveCfg = Release|Any CPU
		{C895FD78-8C01-40A3-9C5C-FFB0DFB00222}.Release|Any CPU.Build.0 = Release|Any CPU
	EndGlobalSection
	GlobalSection(SolutionProperties) = preSolution
		HideSolutionNode = FALSE
	EndGlobalSection
	GlobalSection(ExtensibilityGlobals) = postSolution
		SolutionGuid = {7CFF2888-BEE7-435D-A463-723122AFDBBF}
	EndGlobalSection
EndGlobal
