
Microsoft Visual Studio Solution File, Format Version 12.00
# Visual Studio Version 17
VisualStudioVersion = 17.5.33502.453
MinimumVisualStudioVersion = 10.0.40219.1
Project("{FAE04EC0-301F-11D3-BF4B-00C04F79EFBC}") = "56_Editor_de_texto", "56_Editor_de_texto.csproj", "{A11972D9-06FF-4603-A74B-0EB123C04F2E}"
EndProject
Global
	GlobalSection(SolutionConfigurationPlatforms) = preSolution
		Debug|Any CPU = Debug|Any CPU
		Release|Any CPU = Release|Any CPU
	EndGlobalSection
	GlobalSection(ProjectConfigurationPlatforms) = postSolution
		{A11972D9-06FF-4603-A74B-0EB123C04F2E}.Debug|Any CPU.ActiveCfg = Debug|Any CPU
		{A11972D9-06FF-4603-A74B-0EB123C04F2E}.Debug|Any CPU.Build.0 = Debug|Any CPU
		{A11972D9-06FF-4603-A74B-0EB123C04F2E}.Release|Any CPU.ActiveCfg = Release|Any CPU
		{A11972D9-06FF-4603-A74B-0EB123C04F2E}.Release|Any CPU.Build.0 = Release|Any CPU
	EndGlobalSection
	GlobalSection(SolutionProperties) = preSolution
		HideSolutionNode = FALSE
	EndGlobalSection
	GlobalSection(ExtensibilityGlobals) = postSolution
		SolutionGuid = {571EA75D-6B1F-4C61-938F-E52C196A1342}
	EndGlobalSection
EndGlobal
