
Microsoft Visual Studio Solution File, Format Version 12.00
# Visual Studio Version 17
VisualStudioVersion = 17.5.33502.453
MinimumVisualStudioVersion = 10.0.40219.1
Project("{FAE04EC0-301F-11D3-BF4B-00C04F79EFBC}") = "12-Matriz", "12-Matriz\12-Matriz.csproj", "{FEE867E1-D689-4F5C-B450-19DD54C7FE08}"
EndProject
Global
	GlobalSection(SolutionConfigurationPlatforms) = preSolution
		Debug|Any CPU = Debug|Any CPU
		Release|Any CPU = Release|Any CPU
	EndGlobalSection
	GlobalSection(ProjectConfigurationPlatforms) = postSolution
		{FEE867E1-D689-4F5C-B450-19DD54C7FE08}.Debug|Any CPU.ActiveCfg = Debug|Any CPU
		{FEE867E1-D689-4F5C-B450-19DD54C7FE08}.Debug|Any CPU.Build.0 = Debug|Any CPU
		{FEE867E1-D689-4F5C-B450-19DD54C7FE08}.Release|Any CPU.ActiveCfg = Release|Any CPU
		{FEE867E1-D689-4F5C-B450-19DD54C7FE08}.Release|Any CPU.Build.0 = Release|Any CPU
	EndGlobalSection
	GlobalSection(SolutionProperties) = preSolution
		HideSolutionNode = FALSE
	EndGlobalSection
	GlobalSection(ExtensibilityGlobals) = postSolution
		SolutionGuid = {EA483774-9E34-4E31-BD7B-B1541E5E223B}
	EndGlobalSection
EndGlobal
