
Microsoft Visual Studio Solution File, Format Version 12.00
# Visual Studio Version 17
VisualStudioVersion = 17.5.33502.453
MinimumVisualStudioVersion = 10.0.40219.1
Project("{FAE04EC0-301F-11D3-BF4B-00C04F79EFBC}") = "14-while", "14-while\14-while.csproj", "{1D70AB5F-2C85-43B1-80AD-AF58D96AA45D}"
EndProject
Global
	GlobalSection(SolutionConfigurationPlatforms) = preSolution
		Debug|Any CPU = Debug|Any CPU
		Release|Any CPU = Release|Any CPU
	EndGlobalSection
	GlobalSection(ProjectConfigurationPlatforms) = postSolution
		{1D70AB5F-2C85-43B1-80AD-AF58D96AA45D}.Debug|Any CPU.ActiveCfg = Debug|Any CPU
		{1D70AB5F-2C85-43B1-80AD-AF58D96AA45D}.Debug|Any CPU.Build.0 = Debug|Any CPU
		{1D70AB5F-2C85-43B1-80AD-AF58D96AA45D}.Release|Any CPU.ActiveCfg = Release|Any CPU
		{1D70AB5F-2C85-43B1-80AD-AF58D96AA45D}.Release|Any CPU.Build.0 = Release|Any CPU
	EndGlobalSection
	GlobalSection(SolutionProperties) = preSolution
		HideSolutionNode = FALSE
	EndGlobalSection
	GlobalSection(ExtensibilityGlobals) = postSolution
		SolutionGuid = {F614503D-B486-4F2D-89C9-ED50500EE73B}
	EndGlobalSection
EndGlobal
