
Microsoft Visual Studio Solution File, Format Version 12.00
# Visual Studio Version 17
VisualStudioVersion = 17.5.33502.453
MinimumVisualStudioVersion = 10.0.40219.1
Project("{FAE04EC0-301F-11D3-BF4B-00C04F79EFBC}") = "20-Argumento_out", "20-Argumento_out\20-Argumento_out.csproj", "{1187DB9F-CA7F-4373-ABC5-D1392C5A7FD2}"
EndProject
Global
	GlobalSection(SolutionConfigurationPlatforms) = preSolution
		Debug|Any CPU = Debug|Any CPU
		Release|Any CPU = Release|Any CPU
	EndGlobalSection
	GlobalSection(ProjectConfigurationPlatforms) = postSolution
		{1187DB9F-CA7F-4373-ABC5-D1392C5A7FD2}.Debug|Any CPU.ActiveCfg = Debug|Any CPU
		{1187DB9F-CA7F-4373-ABC5-D1392C5A7FD2}.Debug|Any CPU.Build.0 = Debug|Any CPU
		{1187DB9F-CA7F-4373-ABC5-D1392C5A7FD2}.Release|Any CPU.ActiveCfg = Release|Any CPU
		{1187DB9F-CA7F-4373-ABC5-D1392C5A7FD2}.Release|Any CPU.Build.0 = Release|Any CPU
	EndGlobalSection
	GlobalSection(SolutionProperties) = preSolution
		HideSolutionNode = FALSE
	EndGlobalSection
	GlobalSection(ExtensibilityGlobals) = postSolution
		SolutionGuid = {DE2140D4-287A-4197-8812-6F62DCD2408B}
	EndGlobalSection
EndGlobal
