
Microsoft Visual Studio Solution File, Format Version 12.00
# Visual Studio Version 17
VisualStudioVersion = 17.5.33502.453
MinimumVisualStudioVersion = 10.0.40219.1
Project("{FAE04EC0-301F-11D3-BF4B-00C04F79EFBC}") = "13-For", "13-For\13-For.csproj", "{33BBAAB3-9879-4262-BC7F-83C595DE0F76}"
EndProject
Global
	GlobalSection(SolutionConfigurationPlatforms) = preSolution
		Debug|Any CPU = Debug|Any CPU
		Release|Any CPU = Release|Any CPU
	EndGlobalSection
	GlobalSection(ProjectConfigurationPlatforms) = postSolution
		{33BBAAB3-9879-4262-BC7F-83C595DE0F76}.Debug|Any CPU.ActiveCfg = Debug|Any CPU
		{33BBAAB3-9879-4262-BC7F-83C595DE0F76}.Debug|Any CPU.Build.0 = Debug|Any CPU
		{33BBAAB3-9879-4262-BC7F-83C595DE0F76}.Release|Any CPU.ActiveCfg = Release|Any CPU
		{33BBAAB3-9879-4262-BC7F-83C595DE0F76}.Release|Any CPU.Build.0 = Release|Any CPU
	EndGlobalSection
	GlobalSection(SolutionProperties) = preSolution
		HideSolutionNode = FALSE
	EndGlobalSection
	GlobalSection(ExtensibilityGlobals) = postSolution
		SolutionGuid = {E5EFFDCC-C22B-466E-B905-6E7F9B385CBE}
	EndGlobalSection
EndGlobal
