
Microsoft Visual Studio Solution File, Format Version 12.00
# Visual Studio Version 17
VisualStudioVersion = 17.5.33502.453
MinimumVisualStudioVersion = 10.0.40219.1
Project("{FAE04EC0-301F-11D3-BF4B-00C04F79EFBC}") = "16 - Foreach", "16 - Foreach\16 - Foreach.csproj", "{15BB76C9-018F-4C02-B853-D23ECFA798B4}"
EndProject
Global
	GlobalSection(SolutionConfigurationPlatforms) = preSolution
		Debug|Any CPU = Debug|Any CPU
		Release|Any CPU = Release|Any CPU
	EndGlobalSection
	GlobalSection(ProjectConfigurationPlatforms) = postSolution
		{15BB76C9-018F-4C02-B853-D23ECFA798B4}.Debug|Any CPU.ActiveCfg = Debug|Any CPU
		{15BB76C9-018F-4C02-B853-D23ECFA798B4}.Debug|Any CPU.Build.0 = Debug|Any CPU
		{15BB76C9-018F-4C02-B853-D23ECFA798B4}.Release|Any CPU.ActiveCfg = Release|Any CPU
		{15BB76C9-018F-4C02-B853-D23ECFA798B4}.Release|Any CPU.Build.0 = Release|Any CPU
	EndGlobalSection
	GlobalSection(SolutionProperties) = preSolution
		HideSolutionNode = FALSE
	EndGlobalSection
	GlobalSection(ExtensibilityGlobals) = postSolution
		SolutionGuid = {99479F5D-23F8-418F-9F78-E61EDE4F65F8}
	EndGlobalSection
EndGlobal
