
Microsoft Visual Studio Solution File, Format Version 12.00
# Visual Studio Version 17
VisualStudioVersion = 17.5.33502.453
MinimumVisualStudioVersion = 10.0.40219.1
Project("{FAE04EC0-301F-11D3-BF4B-00C04F79EFBC}") = "Aula02", "Aula02\Aula02.csproj", "{C5B83283-0691-4041-8D47-E55C55F396F2}"
EndProject
Global
	GlobalSection(SolutionConfigurationPlatforms) = preSolution
		Debug|Any CPU = Debug|Any CPU
		Release|Any CPU = Release|Any CPU
	EndGlobalSection
	GlobalSection(ProjectConfigurationPlatforms) = postSolution
		{C5B83283-0691-4041-8D47-E55C55F396F2}.Debug|Any CPU.ActiveCfg = Debug|Any CPU
		{C5B83283-0691-4041-8D47-E55C55F396F2}.Debug|Any CPU.Build.0 = Debug|Any CPU
		{C5B83283-0691-4041-8D47-E55C55F396F2}.Release|Any CPU.ActiveCfg = Release|Any CPU
		{C5B83283-0691-4041-8D47-E55C55F396F2}.Release|Any CPU.Build.0 = Release|Any CPU
	EndGlobalSection
	GlobalSection(SolutionProperties) = preSolution
		HideSolutionNode = FALSE
	EndGlobalSection
	GlobalSection(ExtensibilityGlobals) = postSolution
		SolutionGuid = {419A5784-C1CF-4D77-B0E4-C6A358FFF6BC}
	EndGlobalSection
EndGlobal
