
Microsoft Visual Studio Solution File, Format Version 12.00
# Visual Studio Version 17
VisualStudioVersion = 17.5.33502.453
MinimumVisualStudioVersion = 10.0.40219.1
Project("{FAE04EC0-301F-11D3-BF4B-00C04F79EFBC}") = "10-GoTo", "10-GoTo\10-GoTo.csproj", "{036EDA74-B9A9-49F3-98D8-8829738CD671}"
EndProject
Global
	GlobalSection(SolutionConfigurationPlatforms) = preSolution
		Debug|Any CPU = Debug|Any CPU
		Release|Any CPU = Release|Any CPU
	EndGlobalSection
	GlobalSection(ProjectConfigurationPlatforms) = postSolution
		{036EDA74-B9A9-49F3-98D8-8829738CD671}.Debug|Any CPU.ActiveCfg = Debug|Any CPU
		{036EDA74-B9A9-49F3-98D8-8829738CD671}.Debug|Any CPU.Build.0 = Debug|Any CPU
		{036EDA74-B9A9-49F3-98D8-8829738CD671}.Release|Any CPU.ActiveCfg = Release|Any CPU
		{036EDA74-B9A9-49F3-98D8-8829738CD671}.Release|Any CPU.Build.0 = Release|Any CPU
	EndGlobalSection
	GlobalSection(SolutionProperties) = preSolution
		HideSolutionNode = FALSE
	EndGlobalSection
	GlobalSection(ExtensibilityGlobals) = postSolution
		SolutionGuid = {55141DA4-3FCF-4151-B1EC-667C64198BFE}
	EndGlobalSection
EndGlobal
