
Microsoft Visual Studio Solution File, Format Version 12.00
# Visual Studio Version 17
VisualStudioVersion = 17.5.33502.453
MinimumVisualStudioVersion = 10.0.40219.1
Project("{FAE04EC0-301F-11D3-BF4B-00C04F79EFBC}") = "52-colecao_list-p2", "52-colecao_list-p2\52-colecao_list-p2.csproj", "{591833CA-CC61-4342-BDD9-AEEAA89DAA72}"
EndProject
Global
	GlobalSection(SolutionConfigurationPlatforms) = preSolution
		Debug|Any CPU = Debug|Any CPU
		Release|Any CPU = Release|Any CPU
	EndGlobalSection
	GlobalSection(ProjectConfigurationPlatforms) = postSolution
		{591833CA-CC61-4342-BDD9-AEEAA89DAA72}.Debug|Any CPU.ActiveCfg = Debug|Any CPU
		{591833CA-CC61-4342-BDD9-AEEAA89DAA72}.Debug|Any CPU.Build.0 = Debug|Any CPU
		{591833CA-CC61-4342-BDD9-AEEAA89DAA72}.Release|Any CPU.ActiveCfg = Release|Any CPU
		{591833CA-CC61-4342-BDD9-AEEAA89DAA72}.Release|Any CPU.Build.0 = Release|Any CPU
	EndGlobalSection
	GlobalSection(SolutionProperties) = preSolution
		HideSolutionNode = FALSE
	EndGlobalSection
	GlobalSection(ExtensibilityGlobals) = postSolution
		SolutionGuid = {F25BEF10-8B3D-4D57-BBAE-C4702FA519A5}
	EndGlobalSection
EndGlobal
