
Microsoft Visual Studio Solution File, Format Version 12.00
# Visual Studio Version 17
VisualStudioVersion = 17.5.33502.453
MinimumVisualStudioVersion = 10.0.40219.1
Project("{FAE04EC0-301F-11D3-BF4B-00C04F79EFBC}") = "17- Métodos  para array", "17- Métodos  para array\17- Métodos  para array.csproj", "{7D078F9D-4EFA-4FCE-9BBC-1A0E466168E8}"
EndProject
Global
	GlobalSection(SolutionConfigurationPlatforms) = preSolution
		Debug|Any CPU = Debug|Any CPU
		Release|Any CPU = Release|Any CPU
	EndGlobalSection
	GlobalSection(ProjectConfigurationPlatforms) = postSolution
		{7D078F9D-4EFA-4FCE-9BBC-1A0E466168E8}.Debug|Any CPU.ActiveCfg = Debug|Any CPU
		{7D078F9D-4EFA-4FCE-9BBC-1A0E466168E8}.Debug|Any CPU.Build.0 = Debug|Any CPU
		{7D078F9D-4EFA-4FCE-9BBC-1A0E466168E8}.Release|Any CPU.ActiveCfg = Release|Any CPU
		{7D078F9D-4EFA-4FCE-9BBC-1A0E466168E8}.Release|Any CPU.Build.0 = Release|Any CPU
	EndGlobalSection
	GlobalSection(SolutionProperties) = preSolution
		HideSolutionNode = FALSE
	EndGlobalSection
	GlobalSection(ExtensibilityGlobals) = postSolution
		SolutionGuid = {35D76E6E-1FB7-47D1-8516-2E93C5F19B9A}
	EndGlobalSection
EndGlobal
