
Microsoft Visual Studio Solution File, Format Version 12.00
# Visual Studio Version 17
VisualStudioVersion = 17.5.33502.453
MinimumVisualStudioVersion = 10.0.40219.1
Project("{FAE04EC0-301F-11D3-BF4B-00C04F79EFBC}") = "51-Colecao_list_p1", "51-Colecao_list_p1\51-Colecao_list_p1.csproj", "{8F4F8611-37AC-4E94-A9F1-5FC1C2344B96}"
EndProject
Global
	GlobalSection(SolutionConfigurationPlatforms) = preSolution
		Debug|Any CPU = Debug|Any CPU
		Release|Any CPU = Release|Any CPU
	EndGlobalSection
	GlobalSection(ProjectConfigurationPlatforms) = postSolution
		{8F4F8611-37AC-4E94-A9F1-5FC1C2344B96}.Debug|Any CPU.ActiveCfg = Debug|Any CPU
		{8F4F8611-37AC-4E94-A9F1-5FC1C2344B96}.Debug|Any CPU.Build.0 = Debug|Any CPU
		{8F4F8611-37AC-4E94-A9F1-5FC1C2344B96}.Release|Any CPU.ActiveCfg = Release|Any CPU
		{8F4F8611-37AC-4E94-A9F1-5FC1C2344B96}.Release|Any CPU.Build.0 = Release|Any CPU
	EndGlobalSection
	GlobalSection(SolutionProperties) = preSolution
		HideSolutionNode = FALSE
	EndGlobalSection
	GlobalSection(ExtensibilityGlobals) = postSolution
		SolutionGuid = {3901E356-62D3-4A20-A90C-FB19A50205FB}
	EndGlobalSection
EndGlobal
